// !$*UTF8*$!
{
	archiveVersion = 1;
	classes = {
	};
	objectVersion = 56;
	objects = {

/* Begin PBXBuildFile section */
		81C198A92A251ABB0047A4B3 /* CYOATemplateApp.swift in Sources */ = {isa = PBXBuildFile; fileRef = 81C198A82A251ABB0047A4B3 /* CYOATemplateApp.swift */; };
		81C198AD2A251ABC0047A4B3 /* Assets.xcassets in Resources */ = {isa = PBXBuildFile; fileRef = 81C198AC2A251ABC0047A4B3 /* Assets.xcassets */; };
		81C198B02A251ABC0047A4B3 /* Preview Assets.xcassets in Resources */ = {isa = PBXBuildFile; fileRef = 81C198AF2A251ABC0047A4B3 /* Preview Assets.xcassets */; };
		81C198B92A251AE00047A4B3 /* GameView.swift in Sources */ = {isa = PBXBuildFile; fileRef = 81C198B82A251AE00047A4B3 /* GameView.swift */; };
		81C198BB2A251B1B0047A4B3 /* Node.swift in Sources */ = {isa = PBXBuildFile; fileRef = 81C198BA2A251B1B0047A4B3 /* Node.swift */; };
		81C198BD2A251B2B0047A4B3 /* Edge.swift in Sources */ = {isa = PBXBuildFile; fileRef = 81C198BC2A251B2B0047A4B3 /* Edge.swift */; };
		81C198BF2A251B4D0047A4B3 /* Ending.swift in Sources */ = {isa = PBXBuildFile; fileRef = 81C198BE2A251B4D0047A4B3 /* Ending.swift */; };
		81C784A62A28AADA001BC867 /* Blackbird in Frameworks */ = {isa = PBXBuildFile; productRef = 81C784A52A28AADA001BC867 /* Blackbird */; };
		81C784A92A28AB38001BC867 /* AppDatabase.swift in Sources */ = {isa = PBXBuildFile; fileRef = 81C784A82A28AB38001BC867 /* AppDatabase.swift */; };
		81C784AB2A28AD0B001BC867 /* NodeView.swift in Sources */ = {isa = PBXBuildFile; fileRef = 81C784AA2A28AD0B001BC867 /* NodeView.swift */; };
		81C784AD2A28B1D6001BC867 /* db.sqlite in Resources */ = {isa = PBXBuildFile; fileRef = 81C784AC2A28B1D6001BC867 /* db.sqlite */; };
		81C784AF2A28B4E7001BC867 /* EdgesView.swift in Sources */ = {isa = PBXBuildFile; fileRef = 81C784AE2A28B4E7001BC867 /* EdgesView.swift */; };
/* End PBXBuildFile section */

/* Begin PBXFileReference section */
		81C198A52A251ABB0047A4B3 /* CYOATemplate.app */ = {isa = PBXFileReference; explicitFileType = wrapper.application; includeInIndex = 0; path = CYOATemplate.app; sourceTree = BUILT_PRODUCTS_DIR; };
		81C198A82A251ABB0047A4B3 /* CYOATemplateApp.swift */ = {isa = PBXFileReference; lastKnownFileType = sourcecode.swift; path = CYOATemplateApp.swift; sourceTree = "<group>"; };
		81C198AC2A251ABC0047A4B3 /* Assets.xcassets */ = {isa = PBXFileReference; lastKnownFileType = folder.assetcatalog; path = Assets.xcassets; sourceTree = "<group>"; };
		81C198AF2A251ABC0047A4B3 /* Preview Assets.xcassets */ = {isa = PBXFileReference; lastKnownFileType = folder.assetcatalog; path = "Preview Assets.xcassets"; sourceTree = "<group>"; };
		81C198B82A251AE00047A4B3 /* GameView.swift */ = {isa = PBXFileReference; lastKnownFileType = sourcecode.swift; path = GameView.swift; sourceTree = "<group>"; };
		81C198BA2A251B1B0047A4B3 /* Node.swift */ = {isa = PBXFileReference; lastKnownFileType = sourcecode.swift; path = Node.swift; sourceTree = "<group>"; };
		81C198BC2A251B2B0047A4B3 /* Edge.swift */ = {isa = PBXFileReference; lastKnownFileType = sourcecode.swift; path = Edge.swift; sourceTree = "<group>"; };
		81C198BE2A251B4D0047A4B3 /* Ending.swift */ = {isa = PBXFileReference; lastKnownFileType = sourcecode.swift; path = Ending.swift; sourceTree = "<group>"; };
		81C784A82A28AB38001BC867 /* AppDatabase.swift */ = {isa = PBXFileReference; lastKnownFileType = sourcecode.swift; path = AppDatabase.swift; sourceTree = "<group>"; };
		81C784AA2A28AD0B001BC867 /* NodeView.swift */ = {isa = PBXFileReference; lastKnownFileType = sourcecode.swift; path = NodeView.swift; sourceTree = "<group>"; };
		81C784AC2A28B1D6001BC867 /* db.sqlite */ = {isa = PBXFileReference; lastKnownFileType = file; path = db.sqlite; sourceTree = "<group>"; };
		81C784AE2A28B4E7001BC867 /* EdgesView.swift */ = {isa = PBXFileReference; lastKnownFileType = sourcecode.swift; path = EdgesView.swift; sourceTree = "<group>"; };
/* End PBXFileReference section */

/* Begin PBXFrameworksBuildPhase section */
		81C198A22A251ABB0047A4B3 /* Frameworks */ = {
			isa = PBXFrameworksBuildPhase;
			buildActionMask = 2147483647;
			files = (
				81C784A62A28AADA001BC867 /* Blackbird in Frameworks */,
			);
			runOnlyForDeploymentPostprocessing = 0;
		};
/* End PBXFrameworksBuildPhase section */

/* Begin PBXGroup section */
		81C1989C2A251ABB0047A4B3 = {
			isa = PBXGroup;
			children = (
				81C198A72A251ABB0047A4B3 /* CYOATemplate */,
				81C198A62A251ABB0047A4B3 /* Products */,
			);
			sourceTree = "<group>";
		};
		81C198A62A251ABB0047A4B3 /* Products */ = {
			isa = PBXGroup;
			children = (
				81C198A52A251ABB0047A4B3 /* CYOATemplate.app */,
			);
			name = Products;
			sourceTree = "<group>";
		};
		81C198A72A251ABB0047A4B3 /* CYOATemplate */ = {
			isa = PBXGroup;
			children = (
				81C198A82A251ABB0047A4B3 /* CYOATemplateApp.swift */,
				81C784A72A28AB26001BC867 /* Helpers */,
				81C198B62A251ACD0047A4B3 /* Model */,
				81C198B72A251AD10047A4B3 /* Views */,
				81C198AC2A251ABC0047A4B3 /* Assets.xcassets */,
				81C198AE2A251ABC0047A4B3 /* Preview Content */,
			);
			path = CYOATemplate;
			sourceTree = "<group>";
		};
		81C198AE2A251ABC0047A4B3 /* Preview Content */ = {
			isa = PBXGroup;
			children = (
				81C198AF2A251ABC0047A4B3 /* Preview Assets.xcassets */,
			);
			path = "Preview Content";
			sourceTree = "<group>";
		};
		81C198B62A251ACD0047A4B3 /* Model */ = {
			isa = PBXGroup;
			children = (
				81C784AC2A28B1D6001BC867 /* db.sqlite */,
				81C198BA2A251B1B0047A4B3 /* Node.swift */,
				81C198BC2A251B2B0047A4B3 /* Edge.swift */,
				81C198BE2A251B4D0047A4B3 /* Ending.swift */,
			);
			path = Model;
			sourceTree = "<group>";
		};
		81C198B72A251AD10047A4B3 /* Views */ = {
			isa = PBXGroup;
			children = (
				81C198B82A251AE00047A4B3 /* GameView.swift */,
				81C784AA2A28AD0B001BC867 /* NodeView.swift */,
				81C784AE2A28B4E7001BC867 /* EdgesView.swift */,
			);
			path = Views;
			sourceTree = "<group>";
		};
		81C784A72A28AB26001BC867 /* Helpers */ = {
			isa = PBXGroup;
			children = (
				81C784A82A28AB38001BC867 /* AppDatabase.swift */,
			);
			path = Helpers;
			sourceTree = "<group>";
		};
/* End PBXGroup section */

/* Begin PBXNativeTarget section */
		81C198A42A251ABB0047A4B3 /* CYOATemplate */ = {
			isa = PBXNativeTarget;
			buildConfigurationList = 81C198B32A251ABC0047A4B3 /* Build configuration list for PBXNativeTarget "CYOATemplate" */;
			buildPhases = (
				81C198A12A251ABB0047A4B3 /* Sources */,
				81C198A22A251ABB0047A4B3 /* Frameworks */,
				81C198A32A251ABB0047A4B3 /* Resources */,
			);
			buildRules = (
			);
			dependencies = (
			);
			name = CYOATemplate;
			packageProductDependencies = (
				81C784A52A28AADA001BC867 /* Blackbird */,
			);
			productName = CYOATemplate;
			productReference = 81C198A52A251ABB0047A4B3 /* CYOATemplate.app */;
			productType = "com.apple.product-type.application";
		};
/* End PBXNativeTarget section */

/* Begin PBXProject section */
		81C1989D2A251ABB0047A4B3 /* Project object */ = {
			isa = PBXProject;
			attributes = {
				BuildIndependentTargetsInParallel = 1;
				LastSwiftUpdateCheck = 1430;
				LastUpgradeCheck = 1430;
				TargetAttributes = {
					81C198A42A251ABB0047A4B3 = {
						CreatedOnToolsVersion = 14.3;
					};
				};
			};
			buildConfigurationList = 81C198A02A251ABB0047A4B3 /* Build configuration list for PBXProject "CYOATemplate" */;
			compatibilityVersion = "Xcode 14.0";
			developmentRegion = en;
			hasScannedForEncodings = 0;
			knownRegions = (
				en,
				Base,
			);
			mainGroup = 81C1989C2A251ABB0047A4B3;
			packageReferences = (
				81C784A42A28AADA001BC867 /* XCRemoteSwiftPackageReference "Blackbird" */,
			);
			productRefGroup = 81C198A62A251ABB0047A4B3 /* Products */;
			projectDirPath = "";
			projectRoot = "";
			targets = (
				81C198A42A251ABB0047A4B3 /* CYOATemplate */,
			);
		};
/* End PBXProject section */

/* Begin PBXResourcesBuildPhase section */
		81C198A32A251ABB0047A4B3 /* Resources */ = {
			isa = PBXResourcesBuildPhase;
			buildActionMask = 2147483647;
			files = (
				81C198B02A251ABC0047A4B3 /* Preview Assets.xcassets in Resources */,
				81C784AD2A28B1D6001BC867 /* db.sqlite in Resources */,
				81C198AD2A251ABC0047A4B3 /* Assets.xcassets in Resources */,
			);
			runOnlyForDeploymentPostprocessing = 0;
		};
/* End PBXResourcesBuildPhase section */

/* Begin PBXSourcesBuildPhase section */
		81C198A12A251ABB0047A4B3 /* Sources */ = {
			isa = PBXSourcesBuildPhase;
			buildActionMask = 2147483647;
			files = (
				81C198BB2A251B1B0047A4B3 /* Node.swift in Sources */,
				81C198B92A251AE00047A4B3 /* GameView.swift in Sources */,
				81C784A92A28AB38001BC867 /* AppDatabase.swift in Sources */,
				81C198BD2A251B2B0047A4B3 /* Edge.swift in Sources */,
				81C198A92A251ABB0047A4B3 /* CYOATemplateApp.swift in Sources */,
				81C784AF2A28B4E7001BC867 /* EdgesView.swift in Sources */,
				81C784AB2A28AD0B001BC867 /* NodeView.swift in Sources */,
				81C198BF2A251B4D0047A4B3 /* Ending.swift in Sources */,
			);
			runOnlyForDeploymentPostprocessing = 0;
		};
/* End PBXSourcesBuildPhase section */

/* Begin XCBuildConfiguration section */
		81C198B12A251ABC0047A4B3 /* Debug */ = {
			isa = XCBuildConfiguration;
			buildSettings = {
				ALWAYS_SEARCH_USER_PATHS = NO;
				CLANG_ANALYZER_NONNULL = YES;
				CLANG_ANALYZER_NUMBER_OBJECT_CONVERSION = YES_AGGRESSIVE;
				CLANG_CXX_LANGUAGE_STANDARD = "gnu++20";
				CLANG_ENABLE_MODULES = YES;
				CLANG_ENABLE_OBJC_ARC = YES;
				CLANG_ENABLE_OBJC_WEAK = YES;
				CLANG_WARN_BLOCK_CAPTURE_AUTORELEASING = YES;
				CLANG_WARN_BOOL_CONVERSION = YES;
				CLANG_WARN_COMMA = YES;
				CLANG_WARN_CONSTANT_CONVERSION = YES;
				CLANG_WARN_DEPRECATED_OBJC_IMPLEMENTATIONS = YES;
				CLANG_WARN_DIRECT_OBJC_ISA_USAGE = YES_ERROR;
				CLANG_WARN_DOCUMENTATION_COMMENTS = YES;
				CLANG_WARN_EMPTY_BODY = YES;
				CLANG_WARN_ENUM_CONVERSION = YES;
				CLANG_WARN_INFINITE_RECURSION = YES;
				CLANG_WARN_INT_CONVERSION = YES;
				CLANG_WARN_NON_LITERAL_NULL_CONVERSION = YES;
				CLANG_WARN_OBJC_IMPLICIT_RETAIN_SELF = YES;
				CLANG_WARN_OBJC_LITERAL_CONVERSION = YES;
				CLANG_WARN_OBJC_ROOT_CLASS = YES_ERROR;
				CLANG_WARN_QUOTED_INCLUDE_IN_FRAMEWORK_HEADER = YES;
				CLANG_WARN_RANGE_LOOP_ANALYSIS = YES;
				CLANG_WARN_STRICT_PROTOTYPES = YES;
				CLANG_WARN_SUSPICIOUS_MOVE = YES;
				CLANG_WARN_UNGUARDED_AVAILABILITY = YES_AGGRESSIVE;
				CLANG_WARN_UNREACHABLE_CODE = YES;
				CLANG_WARN__DUPLICATE_METHOD_MATCH = YES;
				COPY_PHASE_STRIP = NO;
				DEBUG_INFORMATION_FORMAT = dwarf;
				ENABLE_STRICT_OBJC_MSGSEND = YES;
				ENABLE_TESTABILITY = YES;
				GCC_C_LANGUAGE_STANDARD = gnu11;
				GCC_DYNAMIC_NO_PIC = NO;
				GCC_NO_COMMON_BLOCKS = YES;
				GCC_OPTIMIZATION_LEVEL = 0;
				GCC_PREPROCESSOR_DEFINITIONS = (
					"DEBUG=1",
					"$(inherited)",
				);
				GCC_WARN_64_TO_32_BIT_CONVERSION = YES;
				GCC_WARN_ABOUT_RETURN_TYPE = YES_ERROR;
				GCC_WARN_UNDECLARED_SELECTOR = YES;
				GCC_WARN_UNINITIALIZED_AUTOS = YES_AGGRESSIVE;
				GCC_WARN_UNUSED_FUNCTION = YES;
				GCC_WARN_UNUSED_VARIABLE = YES;
				IPHONEOS_DEPLOYMENT_TARGET = 16.4;
				MTL_ENABLE_DEBUG_INFO = INCLUDE_SOURCE;
				MTL_FAST_MATH = YES;
				ONLY_ACTIVE_ARCH = YES;
				SDKROOT = iphoneos;
				SWIFT_ACTIVE_COMPILATION_CONDITIONS = DEBUG;
				SWIFT_OPTIMIZATION_LEVEL = "-Onone";
			};
			name = Debug;
		};
		81C198B22A251ABC0047A4B3 /* Release */ = {
			isa = XCBuildConfiguration;
			buildSettings = {
				ALWAYS_SEARCH_USER_PATHS = NO;
				CLANG_ANALYZER_NONNULL = YES;
				CLANG_ANALYZER_NUMBER_OBJECT_CONVERSION = YES_AGGRESSIVE;
				CLANG_CXX_LANGUAGE_STANDARD = "gnu++20";
				CLANG_ENABLE_MODULES = YES;
				CLANG_ENABLE_OBJC_ARC = YES;
				CLANG_ENABLE_OBJC_WEAK = YES;
				CLANG_WARN_BLOCK_CAPTURE_AUTORELEASING = YES;
				CLANG_WARN_BOOL_CONVERSION = YES;
				CLANG_WARN_COMMA = YES;
				CLANG_WARN_CONSTANT_CONVERSION = YES;
				CLANG_WARN_DEPRECATED_OBJC_IMPLEMENTATIONS = YES;
				CLANG_WARN_DIRECT_OBJC_ISA_USAGE = YES_ERROR;
				CLANG_WARN_DOCUMENTATION_COMMENTS = YES;
				CLANG_WARN_EMPTY_BODY = YES;
				CLANG_WARN_ENUM_CONVERSION = YES;
				CLANG_WARN_INFINITE_RECURSION = YES;
				CLANG_WARN_INT_CONVERSION = YES;
				CLANG_WARN_NON_LITERAL_NULL_CONVERSION = YES;
				CLANG_WARN_OBJC_IMPLICIT_RETAIN_SELF = YES;
				CLANG_WARN_OBJC_LITERAL_CONVERSION = YES;
				CLANG_WARN_OBJC_ROOT_CLASS = YES_ERROR;
				CLANG_WARN_QUOTED_INCLUDE_IN_FRAMEWORK_HEADER = YES;
				CLANG_WARN_RANGE_LOOP_ANALYSIS = YES;
				CLANG_WARN_STRICT_PROTOTYPES = YES;
				CLANG_WARN_SUSPICIOUS_MOVE = YES;
				CLANG_WARN_UNGUARDED_AVAILABILITY = YES_AGGRESSIVE;
				CLANG_WARN_UNREACHABLE_CODE = YES;
				CLANG_WARN__DUPLICATE_METHOD_MATCH = YES;
				COPY_PHASE_STRIP = NO;
				DEBUG_INFORMATION_FORMAT = "dwarf-with-dsym";
				ENABLE_NS_ASSERTIONS = NO;
				ENABLE_STRICT_OBJC_MSGSEND = YES;
				GCC_C_LANGUAGE_STANDARD = gnu11;
				GCC_NO_COMMON_BLOCKS = YES;
				GCC_WARN_64_TO_32_BIT_CONVERSION = YES;
				GCC_WARN_ABOUT_RETURN_TYPE = YES_ERROR;
				GCC_WARN_UNDECLARED_SELECTOR = YES;
				GCC_WARN_UNINITIALIZED_AUTOS = YES_AGGRESSIVE;
				GCC_WARN_UNUSED_FUNCTION = YES;
				GCC_WARN_UNUSED_VARIABLE = YES;
				IPHONEOS_DEPLOYMENT_TARGET = 16.4;
				MTL_ENABLE_DEBUG_INFO = NO;
				MTL_FAST_MATH = YES;
				SDKROOT = iphoneos;
				SWIFT_COMPILATION_MODE = wholemodule;
				SWIFT_OPTIMIZATION_LEVEL = "-O";
				VALIDATE_PRODUCT = YES;
			};
			name = Release;
		};
		81C198B42A251ABC0047A4B3 /* Debug */ = {
			isa = XCBuildConfiguration;
			buildSettings = {
				ASSETCATALOG_COMPILER_APPICON_NAME = AppIcon;
				ASSETCATALOG_COMPILER_GLOBAL_ACCENT_COLOR_NAME = AccentColor;
				CODE_SIGN_STYLE = Automatic;
				CURRENT_PROJECT_VERSION = 1;
				DEVELOPMENT_ASSET_PATHS = "\"CYOATemplate/Preview Content\"";
				DEVELOPMENT_TEAM = 4UG443984D;
				ENABLE_PREVIEWS = YES;
				GENERATE_INFOPLIST_FILE = YES;
				INFOPLIST_KEY_UIApplicationSceneManifest_Generation = YES;
				INFOPLIST_KEY_UIApplicationSupportsIndirectInputEvents = YES;
				INFOPLIST_KEY_UILaunchScreen_Generation = YES;
				INFOPLIST_KEY_UISupportedInterfaceOrientations_iPad = "UIInterfaceOrientationPortrait UIInterfaceOrientationPortraitUpsideDown UIInterfaceOrientationLandscapeLeft UIInterfaceOrientationLandscapeRight";
				INFOPLIST_KEY_UISupportedInterfaceOrientations_iPhone = "UIInterfaceOrientationPortrait UIInterfaceOrientationLandscapeLeft UIInterfaceOrientationLandscapeRight";
				LD_RUNPATH_SEARCH_PATHS = (
					"$(inherited)",
					"@executable_path/Frameworks",
				);
				MARKETING_VERSION = 1.0;
				PRODUCT_BUNDLE_IDENTIFIER = ca.russellgordon.CYOATemplate;
				PRODUCT_NAME = "$(TARGET_NAME)";
				SWIFT_EMIT_LOC_STRINGS = YES;
				SWIFT_VERSION = 5.0;
				TARGETED_DEVICE_FAMILY = "1,2";
			};
			name = Debug;
		};
		81C198B52A251ABC0047A4B3 /* Release */ = {
			isa = XCBuildConfiguration;
			buildSettings = {
				ASSETCATALOG_COMPILER_APPICON_NAME = AppIcon;
				ASSETCATALOG_COMPILER_GLOBAL_ACCENT_COLOR_NAME = AccentColor;
				CODE_SIGN_STYLE = Automatic;
				CURRENT_PROJECT_VERSION = 1;
				DEVELOPMENT_ASSET_PATHS = "\"CYOATemplate/Preview Content\"";
				DEVELOPMENT_TEAM = 4UG443984D;
				ENABLE_PREVIEWS = YES;
				GENERATE_INFOPLIST_FILE = YES;
				INFOPLIST_KEY_UIApplicationSceneManifest_Generation = YES;
				INFOPLIST_KEY_UIApplicationSupportsIndirectInputEvents = YES;
				INFOPLIST_KEY_UILaunchScreen_Generation = YES;
				INFOPLIST_KEY_UISupportedInterfaceOrientations_iPad = "UIInterfaceOrientationPortrait UIInterfaceOrientationPortraitUpsideDown UIInterfaceOrientationLandscapeLeft UIInterfaceOrientationLandscapeRight";
				INFOPLIST_KEY_UISupportedInterfaceOrientations_iPhone = "UIInterfaceOrientationPortrait UIInterfaceOrientationLandscapeLeft UIInterfaceOrientationLandscapeRight";
				LD_RUNPATH_SEARCH_PATHS = (
					"$(inherited)",
					"@executable_path/Frameworks",
				);
				MARKETING_VERSION = 1.0;
				PRODUCT_BUNDLE_IDENTIFIER = ca.russellgordon.CYOATemplate;
				PRODUCT_NAME = "$(TARGET_NAME)";
				SWIFT_EMIT_LOC_STRINGS = YES;
				SWIFT_VERSION = 5.0;
				TARGETED_DEVICE_FAMILY = "1,2";
			};
			name = Release;
		};
/* End XCBuildConfiguration section */

/* Begin XCConfigurationList section */
		81C198A02A251ABB0047A4B3 /* Build configuration list for PBXProject "CYOATemplate" */ = {
			isa = XCConfigurationList;
			buildConfigurations = (
				81C198B12A251ABC0047A4B3 /* Debug */,
				81C198B22A251ABC0047A4B3 /* Release */,
			);
			defaultConfigurationIsVisible = 0;
			defaultConfigurationName = Release;
		};
		81C198B32A251ABC0047A4B3 /* Build configuration list for PBXNativeTarget "CYOATemplate" */ = {
			isa = XCConfigurationList;
			buildConfigurations = (
				81C198B42A251ABC0047A4B3 /* Debug */,
				81C198B52A251ABC0047A4B3 /* Release */,
			);
			defaultConfigurationIsVisible = 0;
			defaultConfigurationName = Release;
		};
/* End XCConfigurationList section */

/* Begin XCRemoteSwiftPackageReference section */
		81C784A42A28AADA001BC867 /* XCRemoteSwiftPackageReference "Blackbird" */ = {
			isa = XCRemoteSwiftPackageReference;
			repositoryURL = "https://github.com/marcoarment/Blackbird";
			requirement = {
				branch = main;
				kind = branch;
			};
		};
/* End XCRemoteSwiftPackageReference section */

/* Begin XCSwiftPackageProductDependency section */
		81C784A52A28AADA001BC867 /* Blackbird */ = {
			isa = XCSwiftPackageProductDependency;
			package = 81C784A42A28AADA001BC867 /* XCRemoteSwiftPackageReference "Blackbird" */;
			productName = Blackbird;
		};
/* End XCSwiftPackageProductDependency section */
	};
	rootObject = 81C1989D2A251ABB0047A4B3 /* Project object */;
}
